
Microsoft Visual Studio Solution File, Format Version 12.00
# Visual Studio Version 17
VisualStudioVersion = 17.6.33829.357
MinimumVisualStudioVersion = 10.0.40219.1
Project("{9A19103F-16F7-4668-BE54-9A1E7A4F7556}") = "Interface(Tanıtım)", "Interface(Tanıtım)\Interface(Tanıtım).csproj", "{69FB4E89-CB16-4389-8C0C-90A484A344F7}"
EndProject
Project("{9A19103F-16F7-4668-BE54-9A1E7A4F7556}") = "Interface(Coklu_Interface)", "Interface(Coklu_Interface)\Interface(Coklu_Interface).csproj", "{4AC20288-5B65-48AB-9DDF-5C2791C88243}"
EndProject
Project("{9A19103F-16F7-4668-BE54-9A1E7A4F7556}") = "Interface(Ornek)", "Interface(Ornek)\Interface(Ornek).csproj", "{1321E8CF-BC7E-4BC9-9E3E-4D89BA73544C}"
EndProject
Project("{FAE04EC0-301F-11D3-BF4B-00C04F79EFBC}") = "Interface(Örnek1)", "Interface(Örnek1)\Interface(Örnek1).csproj", "{2D4B8160-1B0C-4745-ADE5-0AD180914F63}"
EndProject
Project("{FAE04EC0-301F-11D3-BF4B-00C04F79EFBC}") = "Interface(Örnek3)", "Interface(Örnek3)\Interface(Örnek3).csproj", "{92072728-6792-48D5-A3E4-3D0DA9807897}"
EndProject
Global
	GlobalSection(SolutionConfigurationPlatforms) = preSolution
		Debug|Any CPU = Debug|Any CPU
		Release|Any CPU = Release|Any CPU
	EndGlobalSection
	GlobalSection(ProjectConfigurationPlatforms) = postSolution
		{69FB4E89-CB16-4389-8C0C-90A484A344F7}.Debug|Any CPU.ActiveCfg = Debug|Any CPU
		{69FB4E89-CB16-4389-8C0C-90A484A344F7}.Debug|Any CPU.Build.0 = Debug|Any CPU
		{69FB4E89-CB16-4389-8C0C-90A484A344F7}.Release|Any CPU.ActiveCfg = Release|Any CPU
		{69FB4E89-CB16-4389-8C0C-90A484A344F7}.Release|Any CPU.Build.0 = Release|Any CPU
		{4AC20288-5B65-48AB-9DDF-5C2791C88243}.Debug|Any CPU.ActiveCfg = Debug|Any CPU
		{4AC20288-5B65-48AB-9DDF-5C2791C88243}.Debug|Any CPU.Build.0 = Debug|Any CPU
		{4AC20288-5B65-48AB-9DDF-5C2791C88243}.Release|Any CPU.ActiveCfg = Release|Any CPU
		{4AC20288-5B65-48AB-9DDF-5C2791C88243}.Release|Any CPU.Build.0 = Release|Any CPU
		{1321E8CF-BC7E-4BC9-9E3E-4D89BA73544C}.Debug|Any CPU.ActiveCfg = Debug|Any CPU
		{1321E8CF-BC7E-4BC9-9E3E-4D89BA73544C}.Debug|Any CPU.Build.0 = Debug|Any CPU
		{1321E8CF-BC7E-4BC9-9E3E-4D89BA73544C}.Release|Any CPU.ActiveCfg = Release|Any CPU
		{1321E8CF-BC7E-4BC9-9E3E-4D89BA73544C}.Release|Any CPU.Build.0 = Release|Any CPU
		{2D4B8160-1B0C-4745-ADE5-0AD180914F63}.Debug|Any CPU.ActiveCfg = Debug|Any CPU
		{2D4B8160-1B0C-4745-ADE5-0AD180914F63}.Debug|Any CPU.Build.0 = Debug|Any CPU
		{2D4B8160-1B0C-4745-ADE5-0AD180914F63}.Release|Any CPU.ActiveCfg = Release|Any CPU
		{2D4B8160-1B0C-4745-ADE5-0AD180914F63}.Release|Any CPU.Build.0 = Release|Any CPU
		{92072728-6792-48D5-A3E4-3D0DA9807897}.Debug|Any CPU.ActiveCfg = Debug|Any CPU
		{92072728-6792-48D5-A3E4-3D0DA9807897}.Debug|Any CPU.Build.0 = Debug|Any CPU
		{92072728-6792-48D5-A3E4-3D0DA9807897}.Release|Any CPU.ActiveCfg = Release|Any CPU
		{92072728-6792-48D5-A3E4-3D0DA9807897}.Release|Any CPU.Build.0 = Release|Any CPU
	EndGlobalSection
	GlobalSection(SolutionProperties) = preSolution
		HideSolutionNode = FALSE
	EndGlobalSection
	GlobalSection(ExtensibilityGlobals) = postSolution
		SolutionGuid = {141522CA-EF03-4736-A5E8-84C4BBFCDF94}
	EndGlobalSection
EndGlobal
